
Microsoft Visual Studio Solution File, Format Version 12.00
Project("{FAE04EC0-301F-11D3-BF4B-00C04F79EFBC}") = "WeChatPublish", "WeChatPublish\WeChatPublish.csproj", "{32007DC7-D0A4-4256-8516-C045AF530B98}"
EndProject
Global
	GlobalSection(SolutionConfigurationPlatforms) = preSolution
		Debug|Any CPU = Debug|Any CPU
		Release|Any CPU = Release|Any CPU
	EndGlobalSection
	GlobalSection(ProjectConfigurationPlatforms) = postSolution
		{32007DC7-D0A4-4256-8516-C045AF530B98}.Debug|Any CPU.ActiveCfg = Debug|Any CPU
		{32007DC7-D0A4-4256-8516-C045AF530B98}.Debug|Any CPU.Build.0 = Debug|Any CPU
		{32007DC7-D0A4-4256-8516-C045AF530B98}.Release|Any CPU.ActiveCfg = Release|Any CPU
		{32007DC7-D0A4-4256-8516-C045AF530B98}.Release|Any CPU.Build.0 = Release|Any CPU
	EndGlobalSection
EndGlobal
